
Microsoft Visual Studio Solution File, Format Version 12.00
# Visual Studio Version 16
VisualStudioVersion = 16.0.29911.84
MinimumVisualStudioVersion = 10.0.40219.1
Project("{FAE04EC0-301F-11D3-BF4B-00C04F79EFBC}") = "ProxyHttpOnly", "ProxyHttpOnly.csproj", "{EDEFB472-A83C-4667-8524-9BFE4E268F3F}"
EndProject
Global
	GlobalSection(SolutionConfigurationPlatforms) = preSolution
		Debug|Any CPU = Debug|Any CPU
		Release|Any CPU = Release|Any CPU
	EndGlobalSection
	GlobalSection(ProjectConfigurationPlatforms) = postSolution
		{EDEFB472-A83C-4667-8524-9BFE4E268F3F}.Debug|Any CPU.ActiveCfg = Debug|Any CPU
		{EDEFB472-A83C-4667-8524-9BFE4E268F3F}.Debug|Any CPU.Build.0 = Debug|Any CPU
		{EDEFB472-A83C-4667-8524-9BFE4E268F3F}.Release|Any CPU.ActiveCfg = Release|Any CPU
		{EDEFB472-A83C-4667-8524-9BFE4E268F3F}.Release|Any CPU.Build.0 = Release|Any CPU
	EndGlobalSection
	GlobalSection(SolutionProperties) = preSolution
		HideSolutionNode = FALSE
	EndGlobalSection
	GlobalSection(ExtensibilityGlobals) = postSolution
		SolutionGuid = {582E8336-B5D7-4E0B-9909-EAE083CA9510}
	EndGlobalSection
EndGlobal
